// !$*UTF8*$!
{
	archiveVersion = 1;
	classes = {
	};
	objectVersion = 50;
	objects = {

/* Begin PBXBuildFile section */
		064A44E325FB4B7400272537 /* Typography.swift in Sources */ = {isa = PBXBuildFile; fileRef = 064A44E225FB4B7400272537 /* Typography.swift */; };
		064A44EC25FB543700272537 /* BikeShareBranding.swift in Sources */ = {isa = PBXBuildFile; fileRef = 064A44EB25FB543700272537 /* BikeShareBranding.swift */; };
		064A44F125FB545200272537 /* BrandingStyle.swift in Sources */ = {isa = PBXBuildFile; fileRef = 064A44F025FB545200272537 /* BrandingStyle.swift */; };
		064A44F625FB547B00272537 /* TypographyStyle.swift in Sources */ = {isa = PBXBuildFile; fileRef = 064A44F525FB547B00272537 /* TypographyStyle.swift */; };
		064A44FB25FB54B300272537 /* BikeShareTypographyStyle.swift in Sources */ = {isa = PBXBuildFile; fileRef = 064A44FA25FB54B300272537 /* BikeShareTypographyStyle.swift */; };
		06BD0B9F25F1048300F7ED78 /* BikeListInteractorTests.swift in Sources */ = {isa = PBXBuildFile; fileRef = 06BD0B9E25F1048300F7ED78 /* BikeListInteractorTests.swift */; };
		06BD0BA525F1055E00F7ED78 /* mock_bike_share.json in Resources */ = {isa = PBXBuildFile; fileRef = 06BD0BA425F1055E00F7ED78 /* mock_bike_share.json */; };
		06BD0BB125F1062700F7ED78 /* MockBikeShareWorker.swift in Sources */ = {isa = PBXBuildFile; fileRef = 06BD0BAC25F105B200F7ED78 /* MockBikeShareWorker.swift */; };
		06BD0BB925F1080C00F7ED78 /* BikeListPresenterTests.swift in Sources */ = {isa = PBXBuildFile; fileRef = 06BD0BB825F1080C00F7ED78 /* BikeListPresenterTests.swift */; };
		06BD0BBE25F1090100F7ED78 /* DomainBikeShare+Extensions.swift in Sources */ = {isa = PBXBuildFile; fileRef = 06BD0BBD25F1090100F7ED78 /* DomainBikeShare+Extensions.swift */; };
		06BD0BCB25F10A5100F7ED78 /* BikeShare.swift in Sources */ = {isa = PBXBuildFile; fileRef = 06BD0BCA25F10A5100F7ED78 /* BikeShare.swift */; };
		06BD0BD325F10A6300F7ED78 /* BikeShareLocation.swift in Sources */ = {isa = PBXBuildFile; fileRef = 06BD0BD225F10A6300F7ED78 /* BikeShareLocation.swift */; };
		06BD0BD825F10AA400F7ED78 /* Repository.swift in Sources */ = {isa = PBXBuildFile; fileRef = 06BD0BD725F10AA400F7ED78 /* Repository.swift */; };
		06BD0BDD25F10ADB00F7ED78 /* DomainBikeShare.swift in Sources */ = {isa = PBXBuildFile; fileRef = 06BD0BDC25F10ADB00F7ED78 /* DomainBikeShare.swift */; };
		06BD0BE625F10B0600F7ED78 /* DomainBikeShareLocation.swift in Sources */ = {isa = PBXBuildFile; fileRef = 06BD0BE525F10B0600F7ED78 /* DomainBikeShareLocation.swift */; };
		06BD0BF225F10CA700F7ED78 /* BikeShareTableViewCell.swift in Sources */ = {isa = PBXBuildFile; fileRef = 06BD0BF025F10CA700F7ED78 /* BikeShareTableViewCell.swift */; };
		06BD0BF325F10CA700F7ED78 /* BikeShareTableViewCell.xib in Resources */ = {isa = PBXBuildFile; fileRef = 06BD0BF125F10CA700F7ED78 /* BikeShareTableViewCell.xib */; };
		06BD0BF825F1100D00F7ED78 /* BrandColor.swift in Sources */ = {isa = PBXBuildFile; fileRef = 06BD0BF725F1100D00F7ED78 /* BrandColor.swift */; };
		06BD0C0525F1124900F7ED78 /* BikeShareCellViewModel.swift in Sources */ = {isa = PBXBuildFile; fileRef = 06BD0C0425F1124900F7ED78 /* BikeShareCellViewModel.swift */; };
		06BD0C0E25F112C600F7ED78 /* Section.swift in Sources */ = {isa = PBXBuildFile; fileRef = 06BD0C0D25F112C600F7ED78 /* Section.swift */; };
		06BD0C1625F112F000F7ED78 /* BrandColorTests.swift in Sources */ = {isa = PBXBuildFile; fileRef = 06BD0C1525F112F000F7ED78 /* BrandColorTests.swift */; };
		06D4DBF025FECE5A00C4BF90 /* DisplayType.swift in Sources */ = {isa = PBXBuildFile; fileRef = 06D4DBEF25FECE5A00C4BF90 /* DisplayType.swift */; };
		06E3DBC125F0B5FB002D73D2 /* AppDelegate.swift in Sources */ = {isa = PBXBuildFile; fileRef = 06E3DBC025F0B5FB002D73D2 /* AppDelegate.swift */; };
		06E3DBC325F0B5FB002D73D2 /* SceneDelegate.swift in Sources */ = {isa = PBXBuildFile; fileRef = 06E3DBC225F0B5FB002D73D2 /* SceneDelegate.swift */; };
		06E3DBCA25F0B5FE002D73D2 /* Assets.xcassets in Resources */ = {isa = PBXBuildFile; fileRef = 06E3DBC925F0B5FE002D73D2 /* Assets.xcassets */; };
		06E3DBCD25F0B5FE002D73D2 /* LaunchScreen.storyboard in Resources */ = {isa = PBXBuildFile; fileRef = 06E3DBCB25F0B5FE002D73D2 /* LaunchScreen.storyboard */; };
		06E3DBE325F0B5FF002D73D2 /* BikeShareUITests.swift in Sources */ = {isa = PBXBuildFile; fileRef = 06E3DBE225F0B5FF002D73D2 /* BikeShareUITests.swift */; };
		06E3DBFE25F0BE5C002D73D2 /* BikeShareTabBarViewController.swift in Sources */ = {isa = PBXBuildFile; fileRef = 06E3DBFD25F0BE5C002D73D2 /* BikeShareTabBarViewController.swift */; };
		06E3DC1525F0C328002D73D2 /* MapViewController.swift in Sources */ = {isa = PBXBuildFile; fileRef = 06E3DC1325F0C328002D73D2 /* MapViewController.swift */; };
		06E3DC1625F0C328002D73D2 /* MapViewController.xib in Resources */ = {isa = PBXBuildFile; fileRef = 06E3DC1425F0C328002D73D2 /* MapViewController.xib */; };
		06E3DC1B25F0C546002D73D2 /* Networking.swift in Sources */ = {isa = PBXBuildFile; fileRef = 06E3DC1A25F0C546002D73D2 /* Networking.swift */; };
		06E3DC2025F0C589002D73D2 /* RequestError.swift in Sources */ = {isa = PBXBuildFile; fileRef = 06E3DC1F25F0C589002D73D2 /* RequestError.swift */; };
		06E3DC2625F0C602002D73D2 /* BikeListViewController.swift in Sources */ = {isa = PBXBuildFile; fileRef = 06E3DC2425F0C602002D73D2 /* BikeListViewController.swift */; };
		06E3DC2725F0C602002D73D2 /* BikeListViewController.xib in Resources */ = {isa = PBXBuildFile; fileRef = 06E3DC2525F0C602002D73D2 /* BikeListViewController.xib */; };
		06E3DC2C25F0C67A002D73D2 /* BikeListDisplay.swift in Sources */ = {isa = PBXBuildFile; fileRef = 06E3DC2B25F0C67A002D73D2 /* BikeListDisplay.swift */; };
		06E3DC3625F0C68A002D73D2 /* BikeListPresenter.swift in Sources */ = {isa = PBXBuildFile; fileRef = 06E3DC3525F0C68A002D73D2 /* BikeListPresenter.swift */; };
		06E3DC3B25F0C6AB002D73D2 /* BikeShareService.swift in Sources */ = {isa = PBXBuildFile; fileRef = 06E3DC3A25F0C6AB002D73D2 /* BikeShareService.swift */; };
		06E3DC4925F0C763002D73D2 /* BikeListUseCase.swift in Sources */ = {isa = PBXBuildFile; fileRef = 06E3DC4825F0C763002D73D2 /* BikeListUseCase.swift */; };
		06E3DC4F25F0C78A002D73D2 /* BikeListInteractor.swift in Sources */ = {isa = PBXBuildFile; fileRef = 06E3DC4E25F0C78A002D73D2 /* BikeListInteractor.swift */; };
		06E3DC5725F0C7B7002D73D2 /* BikeListPresentation.swift in Sources */ = {isa = PBXBuildFile; fileRef = 06E3DC5625F0C7B7002D73D2 /* BikeListPresentation.swift */; };
		06E3DC5F25F0CCD0002D73D2 /* BikeListScene.swift in Sources */ = {isa = PBXBuildFile; fileRef = 06E3DC5E25F0CCD0002D73D2 /* BikeListScene.swift */; };
		06E3DC6425F0CCE9002D73D2 /* MapScene.swift in Sources */ = {isa = PBXBuildFile; fileRef = 06E3DC6325F0CCE9002D73D2 /* MapScene.swift */; };
		06E3DC6925F0CD65002D73D2 /* TabScene.swift in Sources */ = {isa = PBXBuildFile; fileRef = 06E3DC6825F0CD64002D73D2 /* TabScene.swift */; };
		06E3DC6E25F0CD74002D73D2 /* ViewScene.swift in Sources */ = {isa = PBXBuildFile; fileRef = 06E3DC6D25F0CD74002D73D2 /* ViewScene.swift */; };
		06E3DC7525F0CD98002D73D2 /* InitialViewFactory.swift in Sources */ = {isa = PBXBuildFile; fileRef = 06E3DC7425F0CD98002D73D2 /* InitialViewFactory.swift */; };
		06E3DC8025F0CDC2002D73D2 /* ViewFactory.swift in Sources */ = {isa = PBXBuildFile; fileRef = 06E3DC7F25F0CDC2002D73D2 /* ViewFactory.swift */; };
		06E3DC8525F0CED6002D73D2 /* BikeShareCityResponse.swift in Sources */ = {isa = PBXBuildFile; fileRef = 06E3DC8425F0CED6002D73D2 /* BikeShareCityResponse.swift */; };
		06E3DC8D25F0D062002D73D2 /* BikeShareWorker.swift in Sources */ = {isa = PBXBuildFile; fileRef = 06E3DC8C25F0D062002D73D2 /* BikeShareWorker.swift */; };
		06E3DC9225F0D931002D73D2 /* DiffableTableView.swift in Sources */ = {isa = PBXBuildFile; fileRef = 06E3DC9125F0D931002D73D2 /* DiffableTableView.swift */; };
		06E3DCAE25F0DF1E002D73D2 /* MapUseCase.swift in Sources */ = {isa = PBXBuildFile; fileRef = 06E3DCAD25F0DF1E002D73D2 /* MapUseCase.swift */; };
		06E3DCB625F0DF38002D73D2 /* MapInteractor.swift in Sources */ = {isa = PBXBuildFile; fileRef = 06E3DCB525F0DF38002D73D2 /* MapInteractor.swift */; };
		06E3DCBE25F0E4CD002D73D2 /* BikeShareRepository.swift in Sources */ = {isa = PBXBuildFile; fileRef = 06E3DCBD25F0E4CD002D73D2 /* BikeShareRepository.swift */; };
		06E3DCC625F0E9B9002D73D2 /* MapPresentation.swift in Sources */ = {isa = PBXBuildFile; fileRef = 06E3DCC525F0E9B9002D73D2 /* MapPresentation.swift */; };
		06E3DCCB25F0EA39002D73D2 /* MapPresenter.swift in Sources */ = {isa = PBXBuildFile; fileRef = 06E3DCCA25F0EA39002D73D2 /* MapPresenter.swift */; };
		06E3DCD025F0EAEE002D73D2 /* MapDisplay.swift in Sources */ = {isa = PBXBuildFile; fileRef = 06E3DCCF25F0EAEE002D73D2 /* MapDisplay.swift */; };
		06E3DCDB25F0EED9002D73D2 /* BikeShareAnnotation.swift in Sources */ = {isa = PBXBuildFile; fileRef = 06E3DCDA25F0EED9002D73D2 /* BikeShareAnnotation.swift */; };
		06E3DCE125F0EF0F002D73D2 /* MapAnnotationViewModel.swift in Sources */ = {isa = PBXBuildFile; fileRef = 06E3DCE025F0EF0F002D73D2 /* MapAnnotationViewModel.swift */; };
		06E3DD1325F0FACB002D73D2 /* DomainBikeShareCityResponse.swift in Sources */ = {isa = PBXBuildFile; fileRef = 06E3DD1225F0FACB002D73D2 /* DomainBikeShareCityResponse.swift */; };
/* End PBXBuildFile section */

/* Begin PBXContainerItemProxy section */
		06E3DBD425F0B5FF002D73D2 /* PBXContainerItemProxy */ = {
			isa = PBXContainerItemProxy;
			containerPortal = 06E3DBB525F0B5FB002D73D2 /* Project object */;
			proxyType = 1;
			remoteGlobalIDString = 06E3DBBC25F0B5FB002D73D2;
			remoteInfo = BikeShare;
		};
		06E3DBDF25F0B5FF002D73D2 /* PBXContainerItemProxy */ = {
			isa = PBXContainerItemProxy;
			containerPortal = 06E3DBB525F0B5FB002D73D2 /* Project object */;
			proxyType = 1;
			remoteGlobalIDString = 06E3DBBC25F0B5FB002D73D2;
			remoteInfo = BikeShare;
		};
/* End PBXContainerItemProxy section */

/* Begin PBXFileReference section */
		064A44E225FB4B7400272537 /* Typography.swift */ = {isa = PBXFileReference; lastKnownFileType = sourcecode.swift; path = Typography.swift; sourceTree = "<group>"; };
		064A44EB25FB543700272537 /* BikeShareBranding.swift */ = {isa = PBXFileReference; lastKnownFileType = sourcecode.swift; path = BikeShareBranding.swift; sourceTree = "<group>"; };
		064A44F025FB545200272537 /* BrandingStyle.swift */ = {isa = PBXFileReference; lastKnownFileType = sourcecode.swift; path = BrandingStyle.swift; sourceTree = "<group>"; };
		064A44F525FB547B00272537 /* TypographyStyle.swift */ = {isa = PBXFileReference; lastKnownFileType = sourcecode.swift; path = TypographyStyle.swift; sourceTree = "<group>"; };
		064A44FA25FB54B300272537 /* BikeShareTypographyStyle.swift */ = {isa = PBXFileReference; lastKnownFileType = sourcecode.swift; path = BikeShareTypographyStyle.swift; sourceTree = "<group>"; };
		06BD0B9E25F1048300F7ED78 /* BikeListInteractorTests.swift */ = {isa = PBXFileReference; lastKnownFileType = sourcecode.swift; path = BikeListInteractorTests.swift; sourceTree = "<group>"; };
		06BD0BA425F1055E00F7ED78 /* mock_bike_share.json */ = {isa = PBXFileReference; lastKnownFileType = text.json; path = mock_bike_share.json; sourceTree = "<group>"; };
		06BD0BAC25F105B200F7ED78 /* MockBikeShareWorker.swift */ = {isa = PBXFileReference; lastKnownFileType = sourcecode.swift; path = MockBikeShareWorker.swift; sourceTree = "<group>"; };
		06BD0BB825F1080C00F7ED78 /* BikeListPresenterTests.swift */ = {isa = PBXFileReference; lastKnownFileType = sourcecode.swift; path = BikeListPresenterTests.swift; sourceTree = "<group>"; };
		06BD0BBD25F1090100F7ED78 /* DomainBikeShare+Extensions.swift */ = {isa = PBXFileReference; lastKnownFileType = sourcecode.swift; path = "DomainBikeShare+Extensions.swift"; sourceTree = "<group>"; };
		06BD0BCA25F10A5100F7ED78 /* BikeShare.swift */ = {isa = PBXFileReference; lastKnownFileType = sourcecode.swift; path = BikeShare.swift; sourceTree = "<group>"; };
		06BD0BD225F10A6300F7ED78 /* BikeShareLocation.swift */ = {isa = PBXFileReference; lastKnownFileType = sourcecode.swift; path = BikeShareLocation.swift; sourceTree = "<group>"; };
		06BD0BD725F10AA400F7ED78 /* Repository.swift */ = {isa = PBXFileReference; lastKnownFileType = sourcecode.swift; path = Repository.swift; sourceTree = "<group>"; };
		06BD0BDC25F10ADB00F7ED78 /* DomainBikeShare.swift */ = {isa = PBXFileReference; lastKnownFileType = sourcecode.swift; path = DomainBikeShare.swift; sourceTree = "<group>"; };
		06BD0BE525F10B0600F7ED78 /* DomainBikeShareLocation.swift */ = {isa = PBXFileReference; lastKnownFileType = sourcecode.swift; path = DomainBikeShareLocation.swift; sourceTree = "<group>"; };
		06BD0BF025F10CA700F7ED78 /* BikeShareTableViewCell.swift */ = {isa = PBXFileReference; lastKnownFileType = sourcecode.swift; path = BikeShareTableViewCell.swift; sourceTree = "<group>"; };
		06BD0BF125F10CA700F7ED78 /* BikeShareTableViewCell.xib */ = {isa = PBXFileReference; lastKnownFileType = file.xib; path = BikeShareTableViewCell.xib; sourceTree = "<group>"; };
		06BD0BF725F1100D00F7ED78 /* BrandColor.swift */ = {isa = PBXFileReference; lastKnownFileType = sourcecode.swift; path = BrandColor.swift; sourceTree = "<group>"; };
		06BD0C0425F1124900F7ED78 /* BikeShareCellViewModel.swift */ = {isa = PBXFileReference; lastKnownFileType = sourcecode.swift; path = BikeShareCellViewModel.swift; sourceTree = "<group>"; };
		06BD0C0D25F112C600F7ED78 /* Section.swift */ = {isa = PBXFileReference; lastKnownFileType = sourcecode.swift; path = Section.swift; sourceTree = "<group>"; };
		06BD0C1525F112F000F7ED78 /* BrandColorTests.swift */ = {isa = PBXFileReference; lastKnownFileType = sourcecode.swift; path = BrandColorTests.swift; sourceTree = "<group>"; };
		06D4DBEF25FECE5A00C4BF90 /* DisplayType.swift */ = {isa = PBXFileReference; lastKnownFileType = sourcecode.swift; path = DisplayType.swift; sourceTree = "<group>"; };
		06E3DBBD25F0B5FB002D73D2 /* BikeShare.app */ = {isa = PBXFileReference; explicitFileType = wrapper.application; includeInIndex = 0; path = BikeShare.app; sourceTree = BUILT_PRODUCTS_DIR; };
		06E3DBC025F0B5FB002D73D2 /* AppDelegate.swift */ = {isa = PBXFileReference; lastKnownFileType = sourcecode.swift; path = AppDelegate.swift; sourceTree = "<group>"; };
		06E3DBC225F0B5FB002D73D2 /* SceneDelegate.swift */ = {isa = PBXFileReference; lastKnownFileType = sourcecode.swift; path = SceneDelegate.swift; sourceTree = "<group>"; };
		06E3DBC925F0B5FE002D73D2 /* Assets.xcassets */ = {isa = PBXFileReference; lastKnownFileType = folder.assetcatalog; path = Assets.xcassets; sourceTree = "<group>"; };
		06E3DBCC25F0B5FE002D73D2 /* Base */ = {isa = PBXFileReference; lastKnownFileType = file.storyboard; name = Base; path = Base.lproj/LaunchScreen.storyboard; sourceTree = "<group>"; };
		06E3DBCE25F0B5FE002D73D2 /* Info.plist */ = {isa = PBXFileReference; lastKnownFileType = text.plist.xml; path = Info.plist; sourceTree = "<group>"; };
		06E3DBD325F0B5FF002D73D2 /* BikeShareTests.xctest */ = {isa = PBXFileReference; explicitFileType = wrapper.cfbundle; includeInIndex = 0; path = BikeShareTests.xctest; sourceTree = BUILT_PRODUCTS_DIR; };
		06E3DBD925F0B5FF002D73D2 /* Info.plist */ = {isa = PBXFileReference; lastKnownFileType = text.plist.xml; path = Info.plist; sourceTree = "<group>"; };
		06E3DBDE25F0B5FF002D73D2 /* BikeShareUITests.xctest */ = {isa = PBXFileReference; explicitFileType = wrapper.cfbundle; includeInIndex = 0; path = BikeShareUITests.xctest; sourceTree = BUILT_PRODUCTS_DIR; };
		06E3DBE225F0B5FF002D73D2 /* BikeShareUITests.swift */ = {isa = PBXFileReference; lastKnownFileType = sourcecode.swift; path = BikeShareUITests.swift; sourceTree = "<group>"; };
		06E3DBE425F0B5FF002D73D2 /* Info.plist */ = {isa = PBXFileReference; lastKnownFileType = text.plist.xml; path = Info.plist; sourceTree = "<group>"; };
		06E3DBFD25F0BE5C002D73D2 /* BikeShareTabBarViewController.swift */ = {isa = PBXFileReference; lastKnownFileType = sourcecode.swift; path = BikeShareTabBarViewController.swift; sourceTree = "<group>"; };
		06E3DC1325F0C328002D73D2 /* MapViewController.swift */ = {isa = PBXFileReference; lastKnownFileType = sourcecode.swift; path = MapViewController.swift; sourceTree = "<group>"; };
		06E3DC1425F0C328002D73D2 /* MapViewController.xib */ = {isa = PBXFileReference; lastKnownFileType = file.xib; path = MapViewController.xib; sourceTree = "<group>"; };
		06E3DC1A25F0C546002D73D2 /* Networking.swift */ = {isa = PBXFileReference; lastKnownFileType = sourcecode.swift; path = Networking.swift; sourceTree = "<group>"; };
		06E3DC1F25F0C589002D73D2 /* RequestError.swift */ = {isa = PBXFileReference; lastKnownFileType = sourcecode.swift; path = RequestError.swift; sourceTree = "<group>"; };
		06E3DC2425F0C602002D73D2 /* BikeListViewController.swift */ = {isa = PBXFileReference; lastKnownFileType = sourcecode.swift; path = BikeListViewController.swift; sourceTree = "<group>"; };
		06E3DC2525F0C602002D73D2 /* BikeListViewController.xib */ = {isa = PBXFileReference; lastKnownFileType = file.xib; path = BikeListViewController.xib; sourceTree = "<group>"; };
		06E3DC2B25F0C67A002D73D2 /* BikeListDisplay.swift */ = {isa = PBXFileReference; lastKnownFileType = sourcecode.swift; path = BikeListDisplay.swift; sourceTree = "<group>"; };
		06E3DC3525F0C68A002D73D2 /* BikeListPresenter.swift */ = {isa = PBXFileReference; lastKnownFileType = sourcecode.swift; path = BikeListPresenter.swift; sourceTree = "<group>"; };
		06E3DC3A25F0C6AB002D73D2 /* BikeShareService.swift */ = {isa = PBXFileReference; lastKnownFileType = sourcecode.swift; path = BikeShareService.swift; sourceTree = "<group>"; };
		06E3DC4825F0C763002D73D2 /* BikeListUseCase.swift */ = {isa = PBXFileReference; lastKnownFileType = sourcecode.swift; path = BikeListUseCase.swift; sourceTree = "<group>"; };
		06E3DC4E25F0C78A002D73D2 /* BikeListInteractor.swift */ = {isa = PBXFileReference; lastKnownFileType = sourcecode.swift; path = BikeListInteractor.swift; sourceTree = "<group>"; };
		06E3DC5625F0C7B7002D73D2 /* BikeListPresentation.swift */ = {isa = PBXFileReference; lastKnownFileType = sourcecode.swift; path = BikeListPresentation.swift; sourceTree = "<group>"; };
		06E3DC5E25F0CCD0002D73D2 /* BikeListScene.swift */ = {isa = PBXFileReference; lastKnownFileType = sourcecode.swift; path = BikeListScene.swift; sourceTree = "<group>"; };
		06E3DC6325F0CCE9002D73D2 /* MapScene.swift */ = {isa = PBXFileReference; lastKnownFileType = sourcecode.swift; path = MapScene.swift; sourceTree = "<group>"; };
		06E3DC6825F0CD64002D73D2 /* TabScene.swift */ = {isa = PBXFileReference; lastKnownFileType = sourcecode.swift; path = TabScene.swift; sourceTree = "<group>"; };
		06E3DC6D25F0CD74002D73D2 /* ViewScene.swift */ = {isa = PBXFileReference; lastKnownFileType = sourcecode.swift; path = ViewScene.swift; sourceTree = "<group>"; };
		06E3DC7425F0CD98002D73D2 /* InitialViewFactory.swift */ = {isa = PBXFileReference; lastKnownFileType = sourcecode.swift; path = InitialViewFactory.swift; sourceTree = "<group>"; };
		06E3DC7F25F0CDC2002D73D2 /* ViewFactory.swift */ = {isa = PBXFileReference; lastKnownFileType = sourcecode.swift; path = ViewFactory.swift; sourceTree = "<group>"; };
		06E3DC8425F0CED6002D73D2 /* BikeShareCityResponse.swift */ = {isa = PBXFileReference; lastKnownFileType = sourcecode.swift; path = BikeShareCityResponse.swift; sourceTree = "<group>"; };
		06E3DC8C25F0D062002D73D2 /* BikeShareWorker.swift */ = {isa = PBXFileReference; lastKnownFileType = sourcecode.swift; path = BikeShareWorker.swift; sourceTree = "<group>"; };
		06E3DC9125F0D931002D73D2 /* DiffableTableView.swift */ = {isa = PBXFileReference; lastKnownFileType = sourcecode.swift; path = DiffableTableView.swift; sourceTree = "<group>"; };
		06E3DCAD25F0DF1E002D73D2 /* MapUseCase.swift */ = {isa = PBXFileReference; lastKnownFileType = sourcecode.swift; path = MapUseCase.swift; sourceTree = "<group>"; };
		06E3DCB525F0DF38002D73D2 /* MapInteractor.swift */ = {isa = PBXFileReference; lastKnownFileType = sourcecode.swift; path = MapInteractor.swift; sourceTree = "<group>"; };
		06E3DCBD25F0E4CD002D73D2 /* BikeShareRepository.swift */ = {isa = PBXFileReference; lastKnownFileType = sourcecode.swift; path = BikeShareRepository.swift; sourceTree = "<group>"; };
		06E3DCC525F0E9B9002D73D2 /* MapPresentation.swift */ = {isa = PBXFileReference; lastKnownFileType = sourcecode.swift; path = MapPresentation.swift; sourceTree = "<group>"; };
		06E3DCCA25F0EA39002D73D2 /* MapPresenter.swift */ = {isa = PBXFileReference; lastKnownFileType = sourcecode.swift; path = MapPresenter.swift; sourceTree = "<group>"; };
		06E3DCCF25F0EAEE002D73D2 /* MapDisplay.swift */ = {isa = PBXFileReference; lastKnownFileType = sourcecode.swift; path = MapDisplay.swift; sourceTree = "<group>"; };
		06E3DCDA25F0EED9002D73D2 /* BikeShareAnnotation.swift */ = {isa = PBXFileReference; lastKnownFileType = sourcecode.swift; path = BikeShareAnnotation.swift; sourceTree = "<group>"; };
		06E3DCE025F0EF0F002D73D2 /* MapAnnotationViewModel.swift */ = {isa = PBXFileReference; lastKnownFileType = sourcecode.swift; path = MapAnnotationViewModel.swift; sourceTree = "<group>"; };
		06E3DD1225F0FACB002D73D2 /* DomainBikeShareCityResponse.swift */ = {isa = PBXFileReference; lastKnownFileType = sourcecode.swift; path = DomainBikeShareCityResponse.swift; sourceTree = "<group>"; };
/* End PBXFileReference section */

/* Begin PBXFrameworksBuildPhase section */
		06E3DBBA25F0B5FB002D73D2 /* Frameworks */ = {
			isa = PBXFrameworksBuildPhase;
			buildActionMask = 2147483647;
			files = (
			);
			runOnlyForDeploymentPostprocessing = 0;
		};
		06E3DBD025F0B5FF002D73D2 /* Frameworks */ = {
			isa = PBXFrameworksBuildPhase;
			buildActionMask = 2147483647;
			files = (
			);
			runOnlyForDeploymentPostprocessing = 0;
		};
		06E3DBDB25F0B5FF002D73D2 /* Frameworks */ = {
			isa = PBXFrameworksBuildPhase;
			buildActionMask = 2147483647;
			files = (
			);
			runOnlyForDeploymentPostprocessing = 0;
		};
/* End PBXFrameworksBuildPhase section */

/* Begin PBXGroup section */
		064A44E725FB4B8300272537 /* Protocols */ = {
			isa = PBXGroup;
			children = (
				064A44F025FB545200272537 /* BrandingStyle.swift */,
				064A44F525FB547B00272537 /* TypographyStyle.swift */,
			);
			path = Protocols;
			sourceTree = "<group>";
		};
		06BD0B8F25F103E500F7ED78 /* Bike Scene */ = {
			isa = PBXGroup;
			children = (
				06BD0B9E25F1048300F7ED78 /* BikeListInteractorTests.swift */,
				06BD0BBD25F1090100F7ED78 /* DomainBikeShare+Extensions.swift */,
				06BD0BAC25F105B200F7ED78 /* MockBikeShareWorker.swift */,
				06BD0BB825F1080C00F7ED78 /* BikeListPresenterTests.swift */,
			);
			path = "Bike Scene";
			sourceTree = "<group>";
		};
		06BD0BA325F1054800F7ED78 /* Resources */ = {
			isa = PBXGroup;
			children = (
				064A44E725FB4B8300272537 /* Protocols */,
				06BD0BF725F1100D00F7ED78 /* BrandColor.swift */,
				064A44FA25FB54B300272537 /* BikeShareTypographyStyle.swift */,
				064A44E225FB4B7400272537 /* Typography.swift */,
				06D4DBEF25FECE5A00C4BF90 /* DisplayType.swift */,
				064A44EB25FB543700272537 /* BikeShareBranding.swift */,
				06BD0BA425F1055E00F7ED78 /* mock_bike_share.json */,
			);
			path = Resources;
			sourceTree = "<group>";
		};
		06BD0BC525F10A0700F7ED78 /* Data */ = {
			isa = PBXGroup;
			children = (
				06BD0BC925F10A4700F7ED78 /* Models */,
				06E3DC3A25F0C6AB002D73D2 /* BikeShareService.swift */,
				06E3DC8C25F0D062002D73D2 /* BikeShareWorker.swift */,
			);
			path = Data;
			sourceTree = "<group>";
		};
		06BD0BC925F10A4700F7ED78 /* Models */ = {
			isa = PBXGroup;
			children = (
				06E3DC8425F0CED6002D73D2 /* BikeShareCityResponse.swift */,
				06BD0BD225F10A6300F7ED78 /* BikeShareLocation.swift */,
				06BD0BCA25F10A5100F7ED78 /* BikeShare.swift */,
			);
			path = Models;
			sourceTree = "<group>";
		};
		06BD0BE125F10ADE00F7ED78 /* Models */ = {
			isa = PBXGroup;
			children = (
				06E3DD1225F0FACB002D73D2 /* DomainBikeShareCityResponse.swift */,
				06BD0BDC25F10ADB00F7ED78 /* DomainBikeShare.swift */,
				06BD0BE525F10B0600F7ED78 /* DomainBikeShareLocation.swift */,
			);
			path = Models;
			sourceTree = "<group>";
		};
		06BD0BFF25F110E400F7ED78 /* Nibs */ = {
			isa = PBXGroup;
			children = (
				06E3DC2525F0C602002D73D2 /* BikeListViewController.xib */,
				06BD0BF125F10CA700F7ED78 /* BikeShareTableViewCell.xib */,
			);
			path = Nibs;
			sourceTree = "<group>";
		};
		06BD0C0325F1123D00F7ED78 /* View Models */ = {
			isa = PBXGroup;
			children = (
				06BD0C0425F1124900F7ED78 /* BikeShareCellViewModel.swift */,
			);
			path = "View Models";
			sourceTree = "<group>";
		};
		06BD0C0C25F112BC00F7ED78 /* Models */ = {
			isa = PBXGroup;
			children = (
				06BD0C0D25F112C600F7ED78 /* Section.swift */,
			);
			path = Models;
			sourceTree = "<group>";
		};
		06BD0C1D25F1144000F7ED78 /* Protocols */ = {
			isa = PBXGroup;
			children = (
				06BD0BD725F10AA400F7ED78 /* Repository.swift */,
			);
			path = Protocols;
			sourceTree = "<group>";
		};
		06BD0C2125F114E100F7ED78 /* Nibs */ = {
			isa = PBXGroup;
			children = (
				06E3DC1425F0C328002D73D2 /* MapViewController.xib */,
			);
			path = Nibs;
			sourceTree = "<group>";
		};
		06E3DBB425F0B5FB002D73D2 = {
			isa = PBXGroup;
			children = (
				06E3DBBF25F0B5FB002D73D2 /* BikeShare */,
				06E3DBD625F0B5FF002D73D2 /* BikeShareTests */,
				06E3DBE125F0B5FF002D73D2 /* BikeShareUITests */,
				06E3DBBE25F0B5FB002D73D2 /* Products */,
			);
			sourceTree = "<group>";
		};
		06E3DBBE25F0B5FB002D73D2 /* Products */ = {
			isa = PBXGroup;
			children = (
				06E3DBBD25F0B5FB002D73D2 /* BikeShare.app */,
				06E3DBD325F0B5FF002D73D2 /* BikeShareTests.xctest */,
				06E3DBDE25F0B5FF002D73D2 /* BikeShareUITests.xctest */,
			);
			name = Products;
			sourceTree = "<group>";
		};
		06E3DBBF25F0B5FB002D73D2 /* BikeShare */ = {
			isa = PBXGroup;
			children = (
				06E3DBC025F0B5FB002D73D2 /* AppDelegate.swift */,
				06E3DBC225F0B5FB002D73D2 /* SceneDelegate.swift */,
				06E3DBFD25F0BE5C002D73D2 /* BikeShareTabBarViewController.swift */,
				06BD0C0C25F112BC00F7ED78 /* Models */,
				06BD0BA325F1054800F7ED78 /* Resources */,
				06BD0BC525F10A0700F7ED78 /* Data */,
				06E3DD0025F0EF5F002D73D2 /* Repository */,
				06E3DC9A25F0D9E5002D73D2 /* Networking */,
				06E3DC9625F0D970002D73D2 /* Protocols */,
				06E3DC7325F0CD8D002D73D2 /* Factory */,
				06E3DC0225F0BF9C002D73D2 /* MapScene */,
				06E3DBF925F0B672002D73D2 /* Bike Scene */,
				06E3DBC925F0B5FE002D73D2 /* Assets.xcassets */,
				06E3DBCB25F0B5FE002D73D2 /* LaunchScreen.storyboard */,
				06E3DBCE25F0B5FE002D73D2 /* Info.plist */,
			);
			path = BikeShare;
			sourceTree = "<group>";
		};
		06E3DBD625F0B5FF002D73D2 /* BikeShareTests */ = {
			isa = PBXGroup;
			children = (
				06BD0B8F25F103E500F7ED78 /* Bike Scene */,
				06E3DBD925F0B5FF002D73D2 /* Info.plist */,
				06BD0C1525F112F000F7ED78 /* BrandColorTests.swift */,
			);
			path = BikeShareTests;
			sourceTree = "<group>";
		};
		06E3DBE125F0B5FF002D73D2 /* BikeShareUITests */ = {
			isa = PBXGroup;
			children = (
				06E3DBE225F0B5FF002D73D2 /* BikeShareUITests.swift */,
				06E3DBE425F0B5FF002D73D2 /* Info.plist */,
			);
			path = BikeShareUITests;
			sourceTree = "<group>";
		};
		06E3DBF925F0B672002D73D2 /* Bike Scene */ = {
			isa = PBXGroup;
			children = (
				06E3DC4D25F0C777002D73D2 /* Protocols */,
				06BD0BFF25F110E400F7ED78 /* Nibs */,
				06BD0C0325F1123D00F7ED78 /* View Models */,
				06E3DC3525F0C68A002D73D2 /* BikeListPresenter.swift */,
				06E3DC2425F0C602002D73D2 /* BikeListViewController.swift */,
				06BD0BF025F10CA700F7ED78 /* BikeShareTableViewCell.swift */,
				06E3DC4E25F0C78A002D73D2 /* BikeListInteractor.swift */,
				06E3DC5E25F0CCD0002D73D2 /* BikeListScene.swift */,
			);
			path = "Bike Scene";
			sourceTree = "<group>";
		};
		06E3DC0225F0BF9C002D73D2 /* MapScene */ = {
			isa = PBXGroup;
			children = (
				06E3DCAC25F0DF12002D73D2 /* Protocols */,
				06E3DCDF25F0EEF3002D73D2 /* Annotations */,
				06E3DCE825F0EF12002D73D2 /* View Models */,
				06BD0C2125F114E100F7ED78 /* Nibs */,
				06E3DC1325F0C328002D73D2 /* MapViewController.swift */,
				06E3DCB525F0DF38002D73D2 /* MapInteractor.swift */,
				06E3DCCA25F0EA39002D73D2 /* MapPresenter.swift */,
				06E3DC6325F0CCE9002D73D2 /* MapScene.swift */,
			);
			path = MapScene;
			sourceTree = "<group>";
		};
		06E3DC4D25F0C777002D73D2 /* Protocols */ = {
			isa = PBXGroup;
			children = (
				06E3DC4825F0C763002D73D2 /* BikeListUseCase.swift */,
				06E3DC5625F0C7B7002D73D2 /* BikeListPresentation.swift */,
				06E3DC2B25F0C67A002D73D2 /* BikeListDisplay.swift */,
			);
			path = Protocols;
			sourceTree = "<group>";
		};
		06E3DC7225F0CD7D002D73D2 /* Scene protocols */ = {
			isa = PBXGroup;
			children = (
				06E3DC6D25F0CD74002D73D2 /* ViewScene.swift */,
				06E3DC6825F0CD64002D73D2 /* TabScene.swift */,
			);
			path = "Scene protocols";
			sourceTree = "<group>";
		};
		06E3DC7325F0CD8D002D73D2 /* Factory */ = {
			isa = PBXGroup;
			children = (
				06E3DC7425F0CD98002D73D2 /* InitialViewFactory.swift */,
				06E3DC7F25F0CDC2002D73D2 /* ViewFactory.swift */,
			);
			path = Factory;
			sourceTree = "<group>";
		};
		06E3DC9625F0D970002D73D2 /* Protocols */ = {
			isa = PBXGroup;
			children = (
				06E3DC7225F0CD7D002D73D2 /* Scene protocols */,
				06E3DC9125F0D931002D73D2 /* DiffableTableView.swift */,
			);
			path = Protocols;
			sourceTree = "<group>";
		};
		06E3DC9A25F0D9E5002D73D2 /* Networking */ = {
			isa = PBXGroup;
			children = (
				06E3DC1F25F0C589002D73D2 /* RequestError.swift */,
				06E3DC1A25F0C546002D73D2 /* Networking.swift */,
			);
			path = Networking;
			sourceTree = "<group>";
		};
		06E3DCAC25F0DF12002D73D2 /* Protocols */ = {
			isa = PBXGroup;
			children = (
				06E3DCAD25F0DF1E002D73D2 /* MapUseCase.swift */,
				06E3DCC525F0E9B9002D73D2 /* MapPresentation.swift */,
				06E3DCCF25F0EAEE002D73D2 /* MapDisplay.swift */,
			);
			path = Protocols;
			sourceTree = "<group>";
		};
		06E3DCDF25F0EEF3002D73D2 /* Annotations */ = {
			isa = PBXGroup;
			children = (
				06E3DCDA25F0EED9002D73D2 /* BikeShareAnnotation.swift */,
			);
			path = Annotations;
			sourceTree = "<group>";
		};
		06E3DCE825F0EF12002D73D2 /* View Models */ = {
			isa = PBXGroup;
			children = (
				06E3DCE025F0EF0F002D73D2 /* MapAnnotationViewModel.swift */,
			);
			path = "View Models";
			sourceTree = "<group>";
		};
		06E3DD0025F0EF5F002D73D2 /* Repository */ = {
			isa = PBXGroup;
			children = (
				06BD0BE125F10ADE00F7ED78 /* Models */,
				06BD0C1D25F1144000F7ED78 /* Protocols */,
				06E3DCBD25F0E4CD002D73D2 /* BikeShareRepository.swift */,
			);
			path = Repository;
			sourceTree = "<group>";
		};
/* End PBXGroup section */

/* Begin PBXNativeTarget section */
		06E3DBBC25F0B5FB002D73D2 /* BikeShare */ = {
			isa = PBXNativeTarget;
			buildConfigurationList = 06E3DBE725F0B5FF002D73D2 /* Build configuration list for PBXNativeTarget "BikeShare" */;
			buildPhases = (
				06E3DBB925F0B5FB002D73D2 /* Sources */,
				06E3DBBA25F0B5FB002D73D2 /* Frameworks */,
				06E3DBBB25F0B5FB002D73D2 /* Resources */,
			);
			buildRules = (
			);
			dependencies = (
			);
			name = BikeShare;
			productName = BikeShare;
			productReference = 06E3DBBD25F0B5FB002D73D2 /* BikeShare.app */;
			productType = "com.apple.product-type.application";
		};
		06E3DBD225F0B5FF002D73D2 /* BikeShareTests */ = {
			isa = PBXNativeTarget;
			buildConfigurationList = 06E3DBEA25F0B5FF002D73D2 /* Build configuration list for PBXNativeTarget "BikeShareTests" */;
			buildPhases = (
				06E3DBCF25F0B5FF002D73D2 /* Sources */,
				06E3DBD025F0B5FF002D73D2 /* Frameworks */,
				06E3DBD125F0B5FF002D73D2 /* Resources */,
			);
			buildRules = (
			);
			dependencies = (
				06E3DBD525F0B5FF002D73D2 /* PBXTargetDependency */,
			);
			name = BikeShareTests;
			productName = BikeShareTests;
			productReference = 06E3DBD325F0B5FF002D73D2 /* BikeShareTests.xctest */;
			productType = "com.apple.product-type.bundle.unit-test";
		};
		06E3DBDD25F0B5FF002D73D2 /* BikeShareUITests */ = {
			isa = PBXNativeTarget;
			buildConfigurationList = 06E3DBED25F0B5FF002D73D2 /* Build configuration list for PBXNativeTarget "BikeShareUITests" */;
			buildPhases = (
				06E3DBDA25F0B5FF002D73D2 /* Sources */,
				06E3DBDB25F0B5FF002D73D2 /* Frameworks */,
				06E3DBDC25F0B5FF002D73D2 /* Resources */,
			);
			buildRules = (
			);
			dependencies = (
				06E3DBE025F0B5FF002D73D2 /* PBXTargetDependency */,
			);
			name = BikeShareUITests;
			productName = BikeShareUITests;
			productReference = 06E3DBDE25F0B5FF002D73D2 /* BikeShareUITests.xctest */;
			productType = "com.apple.product-type.bundle.ui-testing";
		};
/* End PBXNativeTarget section */

/* Begin PBXProject section */
		06E3DBB525F0B5FB002D73D2 /* Project object */ = {
			isa = PBXProject;
			attributes = {
				LastSwiftUpdateCheck = 1230;
				LastUpgradeCheck = 1230;
				TargetAttributes = {
					06E3DBBC25F0B5FB002D73D2 = {
						CreatedOnToolsVersion = 12.3;
					};
					06E3DBD225F0B5FF002D73D2 = {
						CreatedOnToolsVersion = 12.3;
						LastSwiftMigration = 1230;
						TestTargetID = 06E3DBBC25F0B5FB002D73D2;
					};
					06E3DBDD25F0B5FF002D73D2 = {
						CreatedOnToolsVersion = 12.3;
						TestTargetID = 06E3DBBC25F0B5FB002D73D2;
					};
				};
			};
			buildConfigurationList = 06E3DBB825F0B5FB002D73D2 /* Build configuration list for PBXProject "BikeShare" */;
			compatibilityVersion = "Xcode 9.3";
			developmentRegion = en;
			hasScannedForEncodings = 0;
			knownRegions = (
				en,
				Base,
			);
			mainGroup = 06E3DBB425F0B5FB002D73D2;
			productRefGroup = 06E3DBBE25F0B5FB002D73D2 /* Products */;
			projectDirPath = "";
			projectRoot = "";
			targets = (
				06E3DBBC25F0B5FB002D73D2 /* BikeShare */,
				06E3DBD225F0B5FF002D73D2 /* BikeShareTests */,
				06E3DBDD25F0B5FF002D73D2 /* BikeShareUITests */,
			);
		};
/* End PBXProject section */

/* Begin PBXResourcesBuildPhase section */
		06E3DBBB25F0B5FB002D73D2 /* Resources */ = {
			isa = PBXResourcesBuildPhase;
			buildActionMask = 2147483647;
			files = (
				06E3DBCD25F0B5FE002D73D2 /* LaunchScreen.storyboard in Resources */,
				06BD0BA525F1055E00F7ED78 /* mock_bike_share.json in Resources */,
				06BD0BF325F10CA700F7ED78 /* BikeShareTableViewCell.xib in Resources */,
				06E3DC2725F0C602002D73D2 /* BikeListViewController.xib in Resources */,
				06E3DC1625F0C328002D73D2 /* MapViewController.xib in Resources */,
				06E3DBCA25F0B5FE002D73D2 /* Assets.xcassets in Resources */,
			);
			runOnlyForDeploymentPostprocessing = 0;
		};
		06E3DBD125F0B5FF002D73D2 /* Resources */ = {
			isa = PBXResourcesBuildPhase;
			buildActionMask = 2147483647;
			files = (
			);
			runOnlyForDeploymentPostprocessing = 0;
		};
		06E3DBDC25F0B5FF002D73D2 /* Resources */ = {
			isa = PBXResourcesBuildPhase;
			buildActionMask = 2147483647;
			files = (
			);
			runOnlyForDeploymentPostprocessing = 0;
		};
/* End PBXResourcesBuildPhase section */

/* Begin PBXSourcesBuildPhase section */
		06E3DBB925F0B5FB002D73D2 /* Sources */ = {
			isa = PBXSourcesBuildPhase;
			buildActionMask = 2147483647;
			files = (
				06E3DC5F25F0CCD0002D73D2 /* BikeListScene.swift in Sources */,
				06E3DC4925F0C763002D73D2 /* BikeListUseCase.swift in Sources */,
				06E3DC4F25F0C78A002D73D2 /* BikeListInteractor.swift in Sources */,
				06E3DCC625F0E9B9002D73D2 /* MapPresentation.swift in Sources */,
				06BD0BCB25F10A5100F7ED78 /* BikeShare.swift in Sources */,
				06BD0BDD25F10ADB00F7ED78 /* DomainBikeShare.swift in Sources */,
				06E3DC8525F0CED6002D73D2 /* BikeShareCityResponse.swift in Sources */,
				06BD0BD825F10AA400F7ED78 /* Repository.swift in Sources */,
				064A44E325FB4B7400272537 /* Typography.swift in Sources */,
				06BD0C0525F1124900F7ED78 /* BikeShareCellViewModel.swift in Sources */,
				06D4DBF025FECE5A00C4BF90 /* DisplayType.swift in Sources */,
				06E3DC5725F0C7B7002D73D2 /* BikeListPresentation.swift in Sources */,
				06E3DC7525F0CD98002D73D2 /* InitialViewFactory.swift in Sources */,
				06E3DC6925F0CD65002D73D2 /* TabScene.swift in Sources */,
				06E3DC8D25F0D062002D73D2 /* BikeShareWorker.swift in Sources */,
				06E3DC3B25F0C6AB002D73D2 /* BikeShareService.swift in Sources */,
				06E3DCDB25F0EED9002D73D2 /* BikeShareAnnotation.swift in Sources */,
				06BD0BE625F10B0600F7ED78 /* DomainBikeShareLocation.swift in Sources */,
				06E3DCBE25F0E4CD002D73D2 /* BikeShareRepository.swift in Sources */,
				06E3DC6425F0CCE9002D73D2 /* MapScene.swift in Sources */,
				06BD0BF225F10CA700F7ED78 /* BikeShareTableViewCell.swift in Sources */,
				064A44FB25FB54B300272537 /* BikeShareTypographyStyle.swift in Sources */,
				064A44F625FB547B00272537 /* TypographyStyle.swift in Sources */,
				06E3DC2025F0C589002D73D2 /* RequestError.swift in Sources */,
				06E3DC2C25F0C67A002D73D2 /* BikeListDisplay.swift in Sources */,
				06E3DCCB25F0EA39002D73D2 /* MapPresenter.swift in Sources */,
				06E3DCB625F0DF38002D73D2 /* MapInteractor.swift in Sources */,
				064A44F125FB545200272537 /* BrandingStyle.swift in Sources */,
				06E3DBC125F0B5FB002D73D2 /* AppDelegate.swift in Sources */,
				06E3DBC325F0B5FB002D73D2 /* SceneDelegate.swift in Sources */,
				06E3DC1B25F0C546002D73D2 /* Networking.swift in Sources */,
				06E3DC6E25F0CD74002D73D2 /* ViewScene.swift in Sources */,
				06E3DC9225F0D931002D73D2 /* DiffableTableView.swift in Sources */,
				06E3DCE125F0EF0F002D73D2 /* MapAnnotationViewModel.swift in Sources */,
				06BD0BD325F10A6300F7ED78 /* BikeShareLocation.swift in Sources */,
				06E3DCAE25F0DF1E002D73D2 /* MapUseCase.swift in Sources */,
				06E3DCD025F0EAEE002D73D2 /* MapDisplay.swift in Sources */,
				06BD0BF825F1100D00F7ED78 /* BrandColor.swift in Sources */,
				064A44EC25FB543700272537 /* BikeShareBranding.swift in Sources */,
				06E3DC2625F0C602002D73D2 /* BikeListViewController.swift in Sources */,
				06E3DC8025F0CDC2002D73D2 /* ViewFactory.swift in Sources */,
				06E3DC1525F0C328002D73D2 /* MapViewController.swift in Sources */,
				06E3DBFE25F0BE5C002D73D2 /* BikeShareTabBarViewController.swift in Sources */,
				06BD0C0E25F112C600F7ED78 /* Section.swift in Sources */,
				06E3DD1325F0FACB002D73D2 /* DomainBikeShareCityResponse.swift in Sources */,
				06E3DC3625F0C68A002D73D2 /* BikeListPresenter.swift in Sources */,
			);
			runOnlyForDeploymentPostprocessing = 0;
		};
		06E3DBCF25F0B5FF002D73D2 /* Sources */ = {
			isa = PBXSourcesBuildPhase;
			buildActionMask = 2147483647;
			files = (
				06BD0C1625F112F000F7ED78 /* BrandColorTests.swift in Sources */,
				06BD0BB125F1062700F7ED78 /* MockBikeShareWorker.swift in Sources */,
				06BD0B9F25F1048300F7ED78 /* BikeListInteractorTests.swift in Sources */,
				06BD0BBE25F1090100F7ED78 /* DomainBikeShare+Extensions.swift in Sources */,
				06BD0BB925F1080C00F7ED78 /* BikeListPresenterTests.swift in Sources */,
			);
			runOnlyForDeploymentPostprocessing = 0;
		};
		06E3DBDA25F0B5FF002D73D2 /* Sources */ = {
			isa = PBXSourcesBuildPhase;
			buildActionMask = 2147483647;
			files = (
				06E3DBE325F0B5FF002D73D2 /* BikeShareUITests.swift in Sources */,
			);
			runOnlyForDeploymentPostprocessing = 0;
		};
/* End PBXSourcesBuildPhase section */

/* Begin PBXTargetDependency section */
		06E3DBD525F0B5FF002D73D2 /* PBXTargetDependency */ = {
			isa = PBXTargetDependency;
			target = 06E3DBBC25F0B5FB002D73D2 /* BikeShare */;
			targetProxy = 06E3DBD425F0B5FF002D73D2 /* PBXContainerItemProxy */;
		};
		06E3DBE025F0B5FF002D73D2 /* PBXTargetDependency */ = {
			isa = PBXTargetDependency;
			target = 06E3DBBC25F0B5FB002D73D2 /* BikeShare */;
			targetProxy = 06E3DBDF25F0B5FF002D73D2 /* PBXContainerItemProxy */;
		};
/* End PBXTargetDependency section */

/* Begin PBXVariantGroup section */
		06E3DBCB25F0B5FE002D73D2 /* LaunchScreen.storyboard */ = {
			isa = PBXVariantGroup;
			children = (
				06E3DBCC25F0B5FE002D73D2 /* Base */,
			);
			name = LaunchScreen.storyboard;
			sourceTree = "<group>";
		};
/* End PBXVariantGroup section */

/* Begin XCBuildConfiguration section */
		06E3DBE525F0B5FF002D73D2 /* Debug */ = {
			isa = XCBuildConfiguration;
			buildSettings = {
				ALWAYS_SEARCH_USER_PATHS = NO;
				CLANG_ANALYZER_NONNULL = YES;
				CLANG_ANALYZER_NUMBER_OBJECT_CONVERSION = YES_AGGRESSIVE;
				CLANG_CXX_LANGUAGE_STANDARD = "gnu++14";
				CLANG_CXX_LIBRARY = "libc++";
				CLANG_ENABLE_MODULES = YES;
				CLANG_ENABLE_OBJC_ARC = YES;
				CLANG_ENABLE_OBJC_WEAK = YES;
				CLANG_WARN_BLOCK_CAPTURE_AUTORELEASING = YES;
				CLANG_WARN_BOOL_CONVERSION = YES;
				CLANG_WARN_COMMA = YES;
				CLANG_WARN_CONSTANT_CONVERSION = YES;
				CLANG_WARN_DEPRECATED_OBJC_IMPLEMENTATIONS = YES;
				CLANG_WARN_DIRECT_OBJC_ISA_USAGE = YES_ERROR;
				CLANG_WARN_DOCUMENTATION_COMMENTS = YES;
				CLANG_WARN_EMPTY_BODY = YES;
				CLANG_WARN_ENUM_CONVERSION = YES;
				CLANG_WARN_INFINITE_RECURSION = YES;
				CLANG_WARN_INT_CONVERSION = YES;
				CLANG_WARN_NON_LITERAL_NULL_CONVERSION = YES;
				CLANG_WARN_OBJC_IMPLICIT_RETAIN_SELF = YES;
				CLANG_WARN_OBJC_LITERAL_CONVERSION = YES;
				CLANG_WARN_OBJC_ROOT_CLASS = YES_ERROR;
				CLANG_WARN_QUOTED_INCLUDE_IN_FRAMEWORK_HEADER = YES;
				CLANG_WARN_RANGE_LOOP_ANALYSIS = YES;
				CLANG_WARN_STRICT_PROTOTYPES = YES;
				CLANG_WARN_SUSPICIOUS_MOVE = YES;
				CLANG_WARN_UNGUARDED_AVAILABILITY = YES_AGGRESSIVE;
				CLANG_WARN_UNREACHABLE_CODE = YES;
				CLANG_WARN__DUPLICATE_METHOD_MATCH = YES;
				COPY_PHASE_STRIP = NO;
				DEBUG_INFORMATION_FORMAT = dwarf;
				ENABLE_STRICT_OBJC_MSGSEND = YES;
				ENABLE_TESTABILITY = YES;
				GCC_C_LANGUAGE_STANDARD = gnu11;
				GCC_DYNAMIC_NO_PIC = NO;
				GCC_NO_COMMON_BLOCKS = YES;
				GCC_OPTIMIZATION_LEVEL = 0;
				GCC_PREPROCESSOR_DEFINITIONS = (
					"DEBUG=1",
					"$(inherited)",
				);
				GCC_WARN_64_TO_32_BIT_CONVERSION = YES;
				GCC_WARN_ABOUT_RETURN_TYPE = YES_ERROR;
				GCC_WARN_UNDECLARED_SELECTOR = YES;
				GCC_WARN_UNINITIALIZED_AUTOS = YES_AGGRESSIVE;
				GCC_WARN_UNUSED_FUNCTION = YES;
				GCC_WARN_UNUSED_VARIABLE = YES;
				IPHONEOS_DEPLOYMENT_TARGET = 14.3;
				MTL_ENABLE_DEBUG_INFO = INCLUDE_SOURCE;
				MTL_FAST_MATH = YES;
				ONLY_ACTIVE_ARCH = YES;
				SDKROOT = iphoneos;
				SWIFT_ACTIVE_COMPILATION_CONDITIONS = DEBUG;
				SWIFT_OPTIMIZATION_LEVEL = "-Onone";
			};
			name = Debug;
		};
		06E3DBE625F0B5FF002D73D2 /* Release */ = {
			isa = XCBuildConfiguration;
			buildSettings = {
				ALWAYS_SEARCH_USER_PATHS = NO;
				CLANG_ANALYZER_NONNULL = YES;
				CLANG_ANALYZER_NUMBER_OBJECT_CONVERSION = YES_AGGRESSIVE;
				CLANG_CXX_LANGUAGE_STANDARD = "gnu++14";
				CLANG_CXX_LIBRARY = "libc++";
				CLANG_ENABLE_MODULES = YES;
				CLANG_ENABLE_OBJC_ARC = YES;
				CLANG_ENABLE_OBJC_WEAK = YES;
				CLANG_WARN_BLOCK_CAPTURE_AUTORELEASING = YES;
				CLANG_WARN_BOOL_CONVERSION = YES;
				CLANG_WARN_COMMA = YES;
				CLANG_WARN_CONSTANT_CONVERSION = YES;
				CLANG_WARN_DEPRECATED_OBJC_IMPLEMENTATIONS = YES;
				CLANG_WARN_DIRECT_OBJC_ISA_USAGE = YES_ERROR;
				CLANG_WARN_DOCUMENTATION_COMMENTS = YES;
				CLANG_WARN_EMPTY_BODY = YES;
				CLANG_WARN_ENUM_CONVERSION = YES;
				CLANG_WARN_INFINITE_RECURSION = YES;
				CLANG_WARN_INT_CONVERSION = YES;
				CLANG_WARN_NON_LITERAL_NULL_CONVERSION = YES;
				CLANG_WARN_OBJC_IMPLICIT_RETAIN_SELF = YES;
				CLANG_WARN_OBJC_LITERAL_CONVERSION = YES;
				CLANG_WARN_OBJC_ROOT_CLASS = YES_ERROR;
				CLANG_WARN_QUOTED_INCLUDE_IN_FRAMEWORK_HEADER = YES;
				CLANG_WARN_RANGE_LOOP_ANALYSIS = YES;
				CLANG_WARN_STRICT_PROTOTYPES = YES;
				CLANG_WARN_SUSPICIOUS_MOVE = YES;
				CLANG_WARN_UNGUARDED_AVAILABILITY = YES_AGGRESSIVE;
				CLANG_WARN_UNREACHABLE_CODE = YES;
				CLANG_WARN__DUPLICATE_METHOD_MATCH = YES;
				COPY_PHASE_STRIP = NO;
				DEBUG_INFORMATION_FORMAT = "dwarf-with-dsym";
				ENABLE_NS_ASSERTIONS = NO;
				ENABLE_STRICT_OBJC_MSGSEND = YES;
				GCC_C_LANGUAGE_STANDARD = gnu11;
				GCC_NO_COMMON_BLOCKS = YES;
				GCC_WARN_64_TO_32_BIT_CONVERSION = YES;
				GCC_WARN_ABOUT_RETURN_TYPE = YES_ERROR;
				GCC_WARN_UNDECLARED_SELECTOR = YES;
				GCC_WARN_UNINITIALIZED_AUTOS = YES_AGGRESSIVE;
				GCC_WARN_UNUSED_FUNCTION = YES;
				GCC_WARN_UNUSED_VARIABLE = YES;
				IPHONEOS_DEPLOYMENT_TARGET = 14.3;
				MTL_ENABLE_DEBUG_INFO = NO;
				MTL_FAST_MATH = YES;
				SDKROOT = iphoneos;
				SWIFT_COMPILATION_MODE = wholemodule;
				SWIFT_OPTIMIZATION_LEVEL = "-O";
				VALIDATE_PRODUCT = YES;
			};
			name = Release;
		};
		06E3DBE825F0B5FF002D73D2 /* Debug */ = {
			isa = XCBuildConfiguration;
			buildSettings = {
				ASSETCATALOG_COMPILER_APPICON_NAME = AppIcon;
				ASSETCATALOG_COMPILER_GLOBAL_ACCENT_COLOR_NAME = AccentColor;
				CODE_SIGN_STYLE = Automatic;
				DEVELOPMENT_TEAM = 9U5U7Y4K86;
				INFOPLIST_FILE = BikeShare/Info.plist;
				LD_RUNPATH_SEARCH_PATHS = (
					"$(inherited)",
					"@executable_path/Frameworks",
				);
				PRODUCT_BUNDLE_IDENTIFIER = dan.BikeShare;
				PRODUCT_NAME = "$(TARGET_NAME)";
				SWIFT_VERSION = 5.0;
				TARGETED_DEVICE_FAMILY = "1,2";
			};
			name = Debug;
		};
		06E3DBE925F0B5FF002D73D2 /* Release */ = {
			isa = XCBuildConfiguration;
			buildSettings = {
				ASSETCATALOG_COMPILER_APPICON_NAME = AppIcon;
				ASSETCATALOG_COMPILER_GLOBAL_ACCENT_COLOR_NAME = AccentColor;
				CODE_SIGN_STYLE = Automatic;
				DEVELOPMENT_TEAM = 9U5U7Y4K86;
				INFOPLIST_FILE = BikeShare/Info.plist;
				LD_RUNPATH_SEARCH_PATHS = (
					"$(inherited)",
					"@executable_path/Frameworks",
				);
				PRODUCT_BUNDLE_IDENTIFIER = dan.BikeShare;
				PRODUCT_NAME = "$(TARGET_NAME)";
				SWIFT_VERSION = 5.0;
				TARGETED_DEVICE_FAMILY = "1,2";
			};
			name = Release;
		};
		06E3DBEB25F0B5FF002D73D2 /* Debug */ = {
			isa = XCBuildConfiguration;
			buildSettings = {
				ALWAYS_EMBED_SWIFT_STANDARD_LIBRARIES = YES;
				BUNDLE_LOADER = "$(TEST_HOST)";
				CLANG_ENABLE_MODULES = YES;
				CODE_SIGN_STYLE = Automatic;
				DEVELOPMENT_TEAM = 9U5U7Y4K86;
				INFOPLIST_FILE = BikeShareTests/Info.plist;
				IPHONEOS_DEPLOYMENT_TARGET = 14.3;
				LD_RUNPATH_SEARCH_PATHS = (
					"$(inherited)",
					"@executable_path/Frameworks",
					"@loader_path/Frameworks",
				);
				PRODUCT_BUNDLE_IDENTIFIER = dan.BikeShareTests;
				PRODUCT_NAME = "$(TARGET_NAME)";
				SWIFT_OPTIMIZATION_LEVEL = "-Onone";
				SWIFT_VERSION = 5.0;
				TARGETED_DEVICE_FAMILY = "1,2";
				TEST_HOST = "$(BUILT_PRODUCTS_DIR)/BikeShare.app/BikeShare";
			};
			name = Debug;
		};
		06E3DBEC25F0B5FF002D73D2 /* Release */ = {
			isa = XCBuildConfiguration;
			buildSettings = {
				ALWAYS_EMBED_SWIFT_STANDARD_LIBRARIES = YES;
				BUNDLE_LOADER = "$(TEST_HOST)";
				CLANG_ENABLE_MODULES = YES;
				CODE_SIGN_STYLE = Automatic;
				DEVELOPMENT_TEAM = 9U5U7Y4K86;
				INFOPLIST_FILE = BikeShareTests/Info.plist;
				IPHONEOS_DEPLOYMENT_TARGET = 14.3;
				LD_RUNPATH_SEARCH_PATHS = (
					"$(inherited)",
					"@executable_path/Frameworks",
					"@loader_path/Frameworks",
				);
				PRODUCT_BUNDLE_IDENTIFIER = dan.BikeShareTests;
				PRODUCT_NAME = "$(TARGET_NAME)";
				SWIFT_VERSION = 5.0;
				TARGETED_DEVICE_FAMILY = "1,2";
				TEST_HOST = "$(BUILT_PRODUCTS_DIR)/BikeShare.app/BikeShare";
			};
			name = Release;
		};
		06E3DBEE25F0B5FF002D73D2 /* Debug */ = {
			isa = XCBuildConfiguration;
			buildSettings = {
				ALWAYS_EMBED_SWIFT_STANDARD_LIBRARIES = YES;
				CODE_SIGN_STYLE = Automatic;
				DEVELOPMENT_TEAM = 9U5U7Y4K86;
				INFOPLIST_FILE = BikeShareUITests/Info.plist;
				LD_RUNPATH_SEARCH_PATHS = (
					"$(inherited)",
					"@executable_path/Frameworks",
					"@loader_path/Frameworks",
				);
				PRODUCT_BUNDLE_IDENTIFIER = dan.BikeShareUITests;
				PRODUCT_NAME = "$(TARGET_NAME)";
				SWIFT_VERSION = 5.0;
				TARGETED_DEVICE_FAMILY = "1,2";
				TEST_TARGET_NAME = BikeShare;
			};
			name = Debug;
		};
		06E3DBEF25F0B5FF002D73D2 /* Release */ = {
			isa = XCBuildConfiguration;
			buildSettings = {
				ALWAYS_EMBED_SWIFT_STANDARD_LIBRARIES = YES;
				CODE_SIGN_STYLE = Automatic;
				DEVELOPMENT_TEAM = 9U5U7Y4K86;
				INFOPLIST_FILE = BikeShareUITests/Info.plist;
				LD_RUNPATH_SEARCH_PATHS = (
					"$(inherited)",
					"@executable_path/Frameworks",
					"@loader_path/Frameworks",
				);
				PRODUCT_BUNDLE_IDENTIFIER = dan.BikeShareUITests;
				PRODUCT_NAME = "$(TARGET_NAME)";
				SWIFT_VERSION = 5.0;
				TARGETED_DEVICE_FAMILY = "1,2";
				TEST_TARGET_NAME = BikeShare;
			};
			name = Release;
		};
/* End XCBuildConfiguration section */

/* Begin XCConfigurationList section */
		06E3DBB825F0B5FB002D73D2 /* Build configuration list for PBXProject "BikeShare" */ = {
			isa = XCConfigurationList;
			buildConfigurations = (
				06E3DBE525F0B5FF002D73D2 /* Debug */,
				06E3DBE625F0B5FF002D73D2 /* Release */,
			);
			defaultConfigurationIsVisible = 0;
			defaultConfigurationName = Release;
		};
		06E3DBE725F0B5FF002D73D2 /* Build configuration list for PBXNativeTarget "BikeShare" */ = {
			isa = XCConfigurationList;
			buildConfigurations = (
				06E3DBE825F0B5FF002D73D2 /* Debug */,
				06E3DBE925F0B5FF002D73D2 /* Release */,
			);
			defaultConfigurationIsVisible = 0;
			defaultConfigurationName = Release;
		};
		06E3DBEA25F0B5FF002D73D2 /* Build configuration list for PBXNativeTarget "BikeShareTests" */ = {
			isa = XCConfigurationList;
			buildConfigurations = (
				06E3DBEB25F0B5FF002D73D2 /* Debug */,
				06E3DBEC25F0B5FF002D73D2 /* Release */,
			);
			defaultConfigurationIsVisible = 0;
			defaultConfigurationName = Release;
		};
		06E3DBED25F0B5FF002D73D2 /* Build configuration list for PBXNativeTarget "BikeShareUITests" */ = {
			isa = XCConfigurationList;
			buildConfigurations = (
				06E3DBEE25F0B5FF002D73D2 /* Debug */,
				06E3DBEF25F0B5FF002D73D2 /* Release */,
			);
			defaultConfigurationIsVisible = 0;
			defaultConfigurationName = Release;
		};
/* End XCConfigurationList section */
	};
	rootObject = 06E3DBB525F0B5FB002D73D2 /* Project object */;
}
